
Microsoft Visual Studio Solution File, Format Version 12.00
# Visual Studio Version 17
VisualStudioVersion = 17.3.32929.385
MinimumVisualStudioVersion = 10.0.40219.1
Project("{FAE04EC0-301F-11D3-BF4B-00C04F79EFBC}") = "SalemWebsite", "SalemWebsite\SalemWebsite.csproj", "{AB542FDF-95A5-4625-8A86-8CB4C1B27684}"
EndProject
Global
	GlobalSection(SolutionConfigurationPlatforms) = preSolution
		Debug|Any CPU = Debug|Any CPU
		Release|Any CPU = Release|Any CPU
	EndGlobalSection
	GlobalSection(ProjectConfigurationPlatforms) = postSolution
		{AB542FDF-95A5-4625-8A86-8CB4C1B27684}.Debug|Any CPU.ActiveCfg = Debug|Any CPU
		{AB542FDF-95A5-4625-8A86-8CB4C1B27684}.Debug|Any CPU.Build.0 = Debug|Any CPU
		{AB542FDF-95A5-4625-8A86-8CB4C1B27684}.Release|Any CPU.ActiveCfg = Release|Any CPU
		{AB542FDF-95A5-4625-8A86-8CB4C1B27684}.Release|Any CPU.Build.0 = Release|Any CPU
	EndGlobalSection
	GlobalSection(SolutionProperties) = preSolution
		HideSolutionNode = FALSE
	EndGlobalSection
	GlobalSection(ExtensibilityGlobals) = postSolution
		SolutionGuid = {F3729911-E5B4-48CB-920D-9C125D62C874}
	EndGlobalSection
EndGlobal
